
Microsoft Visual Studio Solution File, Format Version 12.00
# Visual Studio Version 17
VisualStudioVersion = 17.2.32526.322
MinimumVisualStudioVersion = 10.0.40219.1
Project("{FAE04EC0-301F-11D3-BF4B-00C04F79EFBC}") = "AutoUpdateTool", "AutoUpdateTool\AutoUpdateTool.csproj", "{C65B3500-B271-4604-A8FD-BDF035DE3885}"
EndProject
Project("{FAE04EC0-301F-11D3-BF4B-00C04F79EFBC}") = "StickyNotes", "StickyNotes\StickyNotes.csproj", "{8E1B2A13-29D3-47DB-A48D-E0D795F29C3C}"
EndProject
Global
	GlobalSection(SolutionConfigurationPlatforms) = preSolution
		Debug|Any CPU = Debug|Any CPU
		Release|Any CPU = Release|Any CPU
	EndGlobalSection
	GlobalSection(ProjectConfigurationPlatforms) = postSolution
		{C65B3500-B271-4604-A8FD-BDF035DE3885}.Debug|Any CPU.ActiveCfg = Debug|Any CPU
		{C65B3500-B271-4604-A8FD-BDF035DE3885}.Debug|Any CPU.Build.0 = Debug|Any CPU
		{C65B3500-B271-4604-A8FD-BDF035DE3885}.Release|Any CPU.ActiveCfg = Release|Any CPU
		{C65B3500-B271-4604-A8FD-BDF035DE3885}.Release|Any CPU.Build.0 = Release|Any CPU
		{8E1B2A13-29D3-47DB-A48D-E0D795F29C3C}.Debug|Any CPU.ActiveCfg = Debug|Any CPU
		{8E1B2A13-29D3-47DB-A48D-E0D795F29C3C}.Debug|Any CPU.Build.0 = Debug|Any CPU
		{8E1B2A13-29D3-47DB-A48D-E0D795F29C3C}.Release|Any CPU.ActiveCfg = Release|Any CPU
		{8E1B2A13-29D3-47DB-A48D-E0D795F29C3C}.Release|Any CPU.Build.0 = Release|Any CPU
	EndGlobalSection
	GlobalSection(SolutionProperties) = preSolution
		HideSolutionNode = FALSE
	EndGlobalSection
	GlobalSection(ExtensibilityGlobals) = postSolution
		SolutionGuid = {197422E7-3BB6-4DD8-B18B-B38E9367EC3F}
	EndGlobalSection
EndGlobal
